
Microsoft Visual Studio Solution File, Format Version 12.00
# Visual Studio Version 16
VisualStudioVersion = 16.0.31321.278
MinimumVisualStudioVersion = 10.0.40219.1
Project("{9A19103F-16F7-4668-BE54-9A1E7A4F7556}") = "OrderProcessingConsoleApp", "OrderProcessingConsoleApp\OrderProcessingConsoleApp.csproj", "{BFDF27C6-1136-48FA-81D7-D0EC0F53DD63}"
EndProject
Project("{FAE04EC0-301F-11D3-BF4B-00C04F79EFBC}") = "OrderProcessingConsoleAppTests", "OrderProcessingConsoleAppTests\OrderProcessingConsoleAppTests.csproj", "{F85E3C07-B80B-42D1-950F-2D22B117BB82}"
EndProject
Global
	GlobalSection(SolutionConfigurationPlatforms) = preSolution
		Debug|Any CPU = Debug|Any CPU
		Release|Any CPU = Release|Any CPU
	EndGlobalSection
	GlobalSection(ProjectConfigurationPlatforms) = postSolution
		{BFDF27C6-1136-48FA-81D7-D0EC0F53DD63}.Debug|Any CPU.ActiveCfg = Debug|Any CPU
		{BFDF27C6-1136-48FA-81D7-D0EC0F53DD63}.Debug|Any CPU.Build.0 = Debug|Any CPU
		{BFDF27C6-1136-48FA-81D7-D0EC0F53DD63}.Release|Any CPU.ActiveCfg = Release|Any CPU
		{BFDF27C6-1136-48FA-81D7-D0EC0F53DD63}.Release|Any CPU.Build.0 = Release|Any CPU
		{F85E3C07-B80B-42D1-950F-2D22B117BB82}.Debug|Any CPU.ActiveCfg = Debug|Any CPU
		{F85E3C07-B80B-42D1-950F-2D22B117BB82}.Debug|Any CPU.Build.0 = Debug|Any CPU
		{F85E3C07-B80B-42D1-950F-2D22B117BB82}.Release|Any CPU.ActiveCfg = Release|Any CPU
		{F85E3C07-B80B-42D1-950F-2D22B117BB82}.Release|Any CPU.Build.0 = Release|Any CPU
	EndGlobalSection
	GlobalSection(SolutionProperties) = preSolution
		HideSolutionNode = FALSE
	EndGlobalSection
	GlobalSection(ExtensibilityGlobals) = postSolution
		SolutionGuid = {281C3595-304A-442C-86B5-63F8FB9750E7}
	EndGlobalSection
EndGlobal
